
Microsoft Visual Studio Solution File, Format Version 12.00
# Visual Studio Version 17
VisualStudioVersion = 17.4.33403.182
MinimumVisualStudioVersion = 10.0.40219.1
Project("{9A19103F-16F7-4668-BE54-9A1E7A4F7556}") = "ShoppingCartMVC", "ShoppingCartMVC\ShoppingCartMVC.csproj", "{05B77C87-7340-4BE5-B0E8-02B0FFDEFA0C}"
EndProject
Project("{9A19103F-16F7-4668-BE54-9A1E7A4F7556}") = "ShoppingCartRazorPages", "ShoppingCartRazorPages\ShoppingCartRazorPages.csproj", "{D352765C-2738-4559-9195-790FD28360C0}"
EndProject
Project("{FAE04EC0-301F-11D3-BF4B-00C04F79EFBC}") = "ShoppingCartMVC.DataAccess", "ShoppingCartMVC.DataAccess\ShoppingCartMVC.DataAccess.csproj", "{7BAD6887-2376-4D59-A1BB-F401207B60EF}"
EndProject
Project("{FAE04EC0-301F-11D3-BF4B-00C04F79EFBC}") = "ShoppingCartMVC.Models", "ShoppingCartMVC.Models\ShoppingCartMVC.Models.csproj", "{29E30173-E404-40DC-91D4-14E5BB846771}"
EndProject
Project("{FAE04EC0-301F-11D3-BF4B-00C04F79EFBC}") = "ShoppingCartMVC.Utility", "ShoppingCartMVC.Utility\ShoppingCartMVC.Utility.csproj", "{CC7287E0-5FDE-4567-8604-E77D3CFEAAE5}"
EndProject
Global
	GlobalSection(SolutionConfigurationPlatforms) = preSolution
		Debug|Any CPU = Debug|Any CPU
		Release|Any CPU = Release|Any CPU
	EndGlobalSection
	GlobalSection(ProjectConfigurationPlatforms) = postSolution
		{05B77C87-7340-4BE5-B0E8-02B0FFDEFA0C}.Debug|Any CPU.ActiveCfg = Debug|Any CPU
		{05B77C87-7340-4BE5-B0E8-02B0FFDEFA0C}.Debug|Any CPU.Build.0 = Debug|Any CPU
		{05B77C87-7340-4BE5-B0E8-02B0FFDEFA0C}.Release|Any CPU.ActiveCfg = Release|Any CPU
		{05B77C87-7340-4BE5-B0E8-02B0FFDEFA0C}.Release|Any CPU.Build.0 = Release|Any CPU
		{D352765C-2738-4559-9195-790FD28360C0}.Debug|Any CPU.ActiveCfg = Debug|Any CPU
		{D352765C-2738-4559-9195-790FD28360C0}.Debug|Any CPU.Build.0 = Debug|Any CPU
		{D352765C-2738-4559-9195-790FD28360C0}.Release|Any CPU.ActiveCfg = Release|Any CPU
		{D352765C-2738-4559-9195-790FD28360C0}.Release|Any CPU.Build.0 = Release|Any CPU
		{7BAD6887-2376-4D59-A1BB-F401207B60EF}.Debug|Any CPU.ActiveCfg = Debug|Any CPU
		{7BAD6887-2376-4D59-A1BB-F401207B60EF}.Debug|Any CPU.Build.0 = Debug|Any CPU
		{7BAD6887-2376-4D59-A1BB-F401207B60EF}.Release|Any CPU.ActiveCfg = Release|Any CPU
		{7BAD6887-2376-4D59-A1BB-F401207B60EF}.Release|Any CPU.Build.0 = Release|Any CPU
		{29E30173-E404-40DC-91D4-14E5BB846771}.Debug|Any CPU.ActiveCfg = Debug|Any CPU
		{29E30173-E404-40DC-91D4-14E5BB846771}.Debug|Any CPU.Build.0 = Debug|Any CPU
		{29E30173-E404-40DC-91D4-14E5BB846771}.Release|Any CPU.ActiveCfg = Release|Any CPU
		{29E30173-E404-40DC-91D4-14E5BB846771}.Release|Any CPU.Build.0 = Release|Any CPU
		{CC7287E0-5FDE-4567-8604-E77D3CFEAAE5}.Debug|Any CPU.ActiveCfg = Debug|Any CPU
		{CC7287E0-5FDE-4567-8604-E77D3CFEAAE5}.Debug|Any CPU.Build.0 = Debug|Any CPU
		{CC7287E0-5FDE-4567-8604-E77D3CFEAAE5}.Release|Any CPU.ActiveCfg = Release|Any CPU
		{CC7287E0-5FDE-4567-8604-E77D3CFEAAE5}.Release|Any CPU.Build.0 = Release|Any CPU
	EndGlobalSection
	GlobalSection(SolutionProperties) = preSolution
		HideSolutionNode = FALSE
	EndGlobalSection
	GlobalSection(ExtensibilityGlobals) = postSolution
		SolutionGuid = {B2E871F7-1529-4FF2-A699-184C44B95441}
	EndGlobalSection
EndGlobal
